
Microsoft Visual Studio Solution File, Format Version 12.00
# Visual Studio Version 17
VisualStudioVersion = 17.0.31903.59
MinimumVisualStudioVersion = 10.0.40219.1
Project("{2150E333-8FDC-42A3-9474-1A3956D46DE8}") = "src", "src", "{827E0CD3-B72D-47B6-A68D-7590B98EB39B}"
EndProject
Project("{FAE04EC0-301F-11D3-BF4B-00C04F79EFBC}") = "Northstar.Api", "src\Northstar.Api\Northstar.Api.csproj", "{F6E173FA-A15F-40B4-B025-0AAEE39ED206}"
EndProject
Project("{FAE04EC0-301F-11D3-BF4B-00C04F79EFBC}") = "Northstar.Application", "src\Northstar.Application\Northstar.Application.csproj", "{DF7DEFE6-3DFF-44F4-97F2-172766020F28}"
EndProject
Project("{FAE04EC0-301F-11D3-BF4B-00C04F79EFBC}") = "Northstar.Contracts", "src\Northstar.Contracts\Northstar.Contracts.csproj", "{80806445-46CD-4DF6-A211-B8475C8C50AB}"
EndProject
Project("{FAE04EC0-301F-11D3-BF4B-00C04F79EFBC}") = "Northstar.Domain", "src\Northstar.Domain\Northstar.Domain.csproj", "{B5EE6703-1B72-4C50-A087-67B9EC2C3B7A}"
EndProject
Project("{FAE04EC0-301F-11D3-BF4B-00C04F79EFBC}") = "Northstar.Infrastructure", "src\Northstar.Infrastructure\Northstar.Infrastructure.csproj", "{F540E266-AC13-4834-8D3B-D20A8412A601}"
EndProject
Project("{2150E333-8FDC-42A3-9474-1A3956D46DE8}") = "tests", "tests", "{0AB3BF05-4346-4AA6-1389-037BE0695223}"
EndProject
Project("{FAE04EC0-301F-11D3-BF4B-00C04F79EFBC}") = "Northstar.Domain.Tests", "tests\Northstar.Domain.Tests\Northstar.Domain.Tests.csproj", "{BB3A8F6B-765A-49AE-A169-E75E9A58C4B0}"
EndProject
Project("{FAE04EC0-301F-11D3-BF4B-00C04F79EFBC}") = "Northstar.Application.Tests", "tests\Northstar.Application.Tests\Northstar.Application.Tests.csproj", "{EDFE6D18-76D2-465C-9D4F-202A12E98A6C}"
EndProject
Project("{FAE04EC0-301F-11D3-BF4B-00C04F79EFBC}") = "Northstar.Api.Tests", "tests\Northstar.Api.Tests\Northstar.Api.Tests.csproj", "{5AB4DC72-96BF-41ED-86BE-A038FDCEB75C}"
EndProject
Global
	GlobalSection(SolutionConfigurationPlatforms) = preSolution
		Debug|Any CPU = Debug|Any CPU
		Debug|x64 = Debug|x64
		Debug|x86 = Debug|x86
		Release|Any CPU = Release|Any CPU
		Release|x64 = Release|x64
		Release|x86 = Release|x86
	EndGlobalSection
	GlobalSection(ProjectConfigurationPlatforms) = postSolution
		{F6E173FA-A15F-40B4-B025-0AAEE39ED206}.Debug|Any CPU.ActiveCfg = Debug|Any CPU
		{F6E173FA-A15F-40B4-B025-0AAEE39ED206}.Debug|Any CPU.Build.0 = Debug|Any CPU
		{F6E173FA-A15F-40B4-B025-0AAEE39ED206}.Debug|x64.ActiveCfg = Debug|Any CPU
		{F6E173FA-A15F-40B4-B025-0AAEE39ED206}.Debug|x64.Build.0 = Debug|Any CPU
		{F6E173FA-A15F-40B4-B025-0AAEE39ED206}.Debug|x86.ActiveCfg = Debug|Any CPU
		{F6E173FA-A15F-40B4-B025-0AAEE39ED206}.Debug|x86.Build.0 = Debug|Any CPU
		{F6E173FA-A15F-40B4-B025-0AAEE39ED206}.Release|Any CPU.ActiveCfg = Release|Any CPU
		{F6E173FA-A15F-40B4-B025-0AAEE39ED206}.Release|Any CPU.Build.0 = Release|Any CPU
		{F6E173FA-A15F-40B4-B025-0AAEE39ED206}.Release|x64.ActiveCfg = Release|Any CPU
		{F6E173FA-A15F-40B4-B025-0AAEE39ED206}.Release|x64.Build.0 = Release|Any CPU
		{F6E173FA-A15F-40B4-B025-0AAEE39ED206}.Release|x86.ActiveCfg = Release|Any CPU
		{F6E173FA-A15F-40B4-B025-0AAEE39ED206}.Release|x86.Build.0 = Release|Any CPU
		{DF7DEFE6-3DFF-44F4-97F2-172766020F28}.Debug|Any CPU.ActiveCfg = Debug|Any CPU
		{DF7DEFE6-3DFF-44F4-97F2-172766020F28}.Debug|Any CPU.Build.0 = Debug|Any CPU
		{DF7DEFE6-3DFF-44F4-97F2-172766020F28}.Debug|x64.ActiveCfg = Debug|Any CPU
		{DF7DEFE6-3DFF-44F4-97F2-172766020F28}.Debug|x64.Build.0 = Debug|Any CPU
		{DF7DEFE6-3DFF-44F4-97F2-172766020F28}.Debug|x86.ActiveCfg = Debug|Any CPU
		{DF7DEFE6-3DFF-44F4-97F2-172766020F28}.Debug|x86.Build.0 = Debug|Any CPU
		{DF7DEFE6-3DFF-44F4-97F2-172766020F28}.Release|Any CPU.ActiveCfg = Release|Any CPU
		{DF7DEFE6-3DFF-44F4-97F2-172766020F28}.Release|Any CPU.Build.0 = Release|Any CPU
		{DF7DEFE6-3DFF-44F4-97F2-172766020F28}.Release|x64.ActiveCfg = Release|Any CPU
		{DF7DEFE6-3DFF-44F4-97F2-172766020F28}.Release|x64.Build.0 = Release|Any CPU
		{DF7DEFE6-3DFF-44F4-97F2-172766020F28}.Release|x86.ActiveCfg = Release|Any CPU
		{DF7DEFE6-3DFF-44F4-97F2-172766020F28}.Release|x86.Build.0 = Release|Any CPU
		{80806445-46CD-4DF6-A211-B8475C8C50AB}.Debug|Any CPU.ActiveCfg = Debug|Any CPU
		{80806445-46CD-4DF6-A211-B8475C8C50AB}.Debug|Any CPU.Build.0 = Debug|Any CPU
		{80806445-46CD-4DF6-A211-B8475C8C50AB}.Debug|x64.ActiveCfg = Debug|Any CPU
		{80806445-46CD-4DF6-A211-B8475C8C50AB}.Debug|x64.Build.0 = Debug|Any CPU
		{80806445-46CD-4DF6-A211-B8475C8C50AB}.Debug|x86.ActiveCfg = Debug|Any CPU
		{80806445-46CD-4DF6-A211-B8475C8C50AB}.Debug|x86.Build.0 = Debug|Any CPU
		{80806445-46CD-4DF6-A211-B8475C8C50AB}.Release|Any CPU.ActiveCfg = Release|Any CPU
		{80806445-46CD-4DF6-A211-B8475C8C50AB}.Release|Any CPU.Build.0 = Release|Any CPU
		{80806445-46CD-4DF6-A211-B8475C8C50AB}.Release|x64.ActiveCfg = Release|Any CPU
		{80806445-46CD-4DF6-A211-B8475C8C50AB}.Release|x64.Build.0 = Release|Any CPU
		{80806445-46CD-4DF6-A211-B8475C8C50AB}.Release|x86.ActiveCfg = Release|Any CPU
		{80806445-46CD-4DF6-A211-B8475C8C50AB}.Release|x86.Build.0 = Release|Any CPU
		{B5EE6703-1B72-4C50-A087-67B9EC2C3B7A}.Debug|Any CPU.ActiveCfg = Debug|Any CPU
		{B5EE6703-1B72-4C50-A087-67B9EC2C3B7A}.Debug|Any CPU.Build.0 = Debug|Any CPU
		{B5EE6703-1B72-4C50-A087-67B9EC2C3B7A}.Debug|x64.ActiveCfg = Debug|Any CPU
		{B5EE6703-1B72-4C50-A087-67B9EC2C3B7A}.Debug|x64.Build.0 = Debug|Any CPU
		{B5EE6703-1B72-4C50-A087-67B9EC2C3B7A}.Debug|x86.ActiveCfg = Debug|Any CPU
		{B5EE6703-1B72-4C50-A087-67B9EC2C3B7A}.Debug|x86.Build.0 = Debug|Any CPU
		{B5EE6703-1B72-4C50-A087-67B9EC2C3B7A}.Release|Any CPU.ActiveCfg = Release|Any CPU
		{B5EE6703-1B72-4C50-A087-67B9EC2C3B7A}.Release|Any CPU.Build.0 = Release|Any CPU
		{B5EE6703-1B72-4C50-A087-67B9EC2C3B7A}.Release|x64.ActiveCfg = Release|Any CPU
		{B5EE6703-1B72-4C50-A087-67B9EC2C3B7A}.Release|x64.Build.0 = Release|Any CPU
		{B5EE6703-1B72-4C50-A087-67B9EC2C3B7A}.Release|x86.ActiveCfg = Release|Any CPU
		{B5EE6703-1B72-4C50-A087-67B9EC2C3B7A}.Release|x86.Build.0 = Release|Any CPU
		{F540E266-AC13-4834-8D3B-D20A8412A601}.Debug|Any CPU.ActiveCfg = Debug|Any CPU
		{F540E266-AC13-4834-8D3B-D20A8412A601}.Debug|Any CPU.Build.0 = Debug|Any CPU
		{F540E266-AC13-4834-8D3B-D20A8412A601}.Debug|x64.ActiveCfg = Debug|Any CPU
		{F540E266-AC13-4834-8D3B-D20A8412A601}.Debug|x64.Build.0 = Debug|Any CPU
		{F540E266-AC13-4834-8D3B-D20A8412A601}.Debug|x86.ActiveCfg = Debug|Any CPU
		{F540E266-AC13-4834-8D3B-D20A8412A601}.Debug|x86.Build.0 = Debug|Any CPU
		{F540E266-AC13-4834-8D3B-D20A8412A601}.Release|Any CPU.ActiveCfg = Release|Any CPU
		{F540E266-AC13-4834-8D3B-D20A8412A601}.Release|Any CPU.Build.0 = Release|Any CPU
		{F540E266-AC13-4834-8D3B-D20A8412A601}.Release|x64.ActiveCfg = Release|Any CPU
		{F540E266-AC13-4834-8D3B-D20A8412A601}.Release|x64.Build.0 = Release|Any CPU
		{F540E266-AC13-4834-8D3B-D20A8412A601}.Release|x86.ActiveCfg = Release|Any CPU
		{F540E266-AC13-4834-8D3B-D20A8412A601}.Release|x86.Build.0 = Release|Any CPU
		{BB3A8F6B-765A-49AE-A169-E75E9A58C4B0}.Debug|Any CPU.ActiveCfg = Debug|Any CPU
		{BB3A8F6B-765A-49AE-A169-E75E9A58C4B0}.Debug|Any CPU.Build.0 = Debug|Any CPU
		{BB3A8F6B-765A-49AE-A169-E75E9A58C4B0}.Debug|x64.ActiveCfg = Debug|Any CPU
		{BB3A8F6B-765A-49AE-A169-E75E9A58C4B0}.Debug|x64.Build.0 = Debug|Any CPU
		{BB3A8F6B-765A-49AE-A169-E75E9A58C4B0}.Debug|x86.ActiveCfg = Debug|Any CPU
		{BB3A8F6B-765A-49AE-A169-E75E9A58C4B0}.Debug|x86.Build.0 = Debug|Any CPU
		{BB3A8F6B-765A-49AE-A169-E75E9A58C4B0}.Release|Any CPU.ActiveCfg = Release|Any CPU
		{BB3A8F6B-765A-49AE-A169-E75E9A58C4B0}.Release|Any CPU.Build.0 = Release|Any CPU
		{BB3A8F6B-765A-49AE-A169-E75E9A58C4B0}.Release|x64.ActiveCfg = Release|Any CPU
		{BB3A8F6B-765A-49AE-A169-E75E9A58C4B0}.Release|x64.Build.0 = Release|Any CPU
		{BB3A8F6B-765A-49AE-A169-E75E9A58C4B0}.Release|x86.ActiveCfg = Release|Any CPU
		{BB3A8F6B-765A-49AE-A169-E75E9A58C4B0}.Release|x86.Build.0 = Release|Any CPU
		{EDFE6D18-76D2-465C-9D4F-202A12E98A6C}.Debug|Any CPU.ActiveCfg = Debug|Any CPU
		{EDFE6D18-76D2-465C-9D4F-202A12E98A6C}.Debug|Any CPU.Build.0 = Debug|Any CPU
		{EDFE6D18-76D2-465C-9D4F-202A12E98A6C}.Debug|x64.ActiveCfg = Debug|Any CPU
		{EDFE6D18-76D2-465C-9D4F-202A12E98A6C}.Debug|x64.Build.0 = Debug|Any CPU
		{EDFE6D18-76D2-465C-9D4F-202A12E98A6C}.Debug|x86.ActiveCfg = Debug|Any CPU
		{EDFE6D18-76D2-465C-9D4F-202A12E98A6C}.Debug|x86.Build.0 = Debug|Any CPU
		{EDFE6D18-76D2-465C-9D4F-202A12E98A6C}.Release|Any CPU.ActiveCfg = Release|Any CPU
		{EDFE6D18-76D2-465C-9D4F-202A12E98A6C}.Release|Any CPU.Build.0 = Release|Any CPU
		{EDFE6D18-76D2-465C-9D4F-202A12E98A6C}.Release|x64.ActiveCfg = Release|Any CPU
		{EDFE6D18-76D2-465C-9D4F-202A12E98A6C}.Release|x64.Build.0 = Release|Any CPU
		{EDFE6D18-76D2-465C-9D4F-202A12E98A6C}.Release|x86.ActiveCfg = Release|Any CPU
		{EDFE6D18-76D2-465C-9D4F-202A12E98A6C}.Release|x86.Build.0 = Release|Any CPU
		{5AB4DC72-96BF-41ED-86BE-A038FDCEB75C}.Debug|Any CPU.ActiveCfg = Debug|Any CPU
		{5AB4DC72-96BF-41ED-86BE-A038FDCEB75C}.Debug|Any CPU.Build.0 = Debug|Any CPU
		{5AB4DC72-96BF-41ED-86BE-A038FDCEB75C}.Debug|x64.ActiveCfg = Debug|Any CPU
		{5AB4DC72-96BF-41ED-86BE-A038FDCEB75C}.Debug|x64.Build.0 = Debug|Any CPU
		{5AB4DC72-96BF-41ED-86BE-A038FDCEB75C}.Debug|x86.ActiveCfg = Debug|Any CPU
		{5AB4DC72-96BF-41ED-86BE-A038FDCEB75C}.Debug|x86.Build.0 = Debug|Any CPU
		{5AB4DC72-96BF-41ED-86BE-A038FDCEB75C}.Release|Any CPU.ActiveCfg = Release|Any CPU
		{5AB4DC72-96BF-41ED-86BE-A038FDCEB75C}.Release|Any CPU.Build.0 = Release|Any CPU
		{5AB4DC72-96BF-41ED-86BE-A038FDCEB75C}.Release|x64.ActiveCfg = Release|Any CPU
		{5AB4DC72-96BF-41ED-86BE-A038FDCEB75C}.Release|x64.Build.0 = Release|Any CPU
		{5AB4DC72-96BF-41ED-86BE-A038FDCEB75C}.Release|x86.ActiveCfg = Release|Any CPU
		{5AB4DC72-96BF-41ED-86BE-A038FDCEB75C}.Release|x86.Build.0 = Release|Any CPU
	EndGlobalSection
	GlobalSection(SolutionProperties) = preSolution
		HideSolutionNode = FALSE
	EndGlobalSection
	GlobalSection(NestedProjects) = preSolution
		{F6E173FA-A15F-40B4-B025-0AAEE39ED206} = {827E0CD3-B72D-47B6-A68D-7590B98EB39B}
		{DF7DEFE6-3DFF-44F4-97F2-172766020F28} = {827E0CD3-B72D-47B6-A68D-7590B98EB39B}
		{80806445-46CD-4DF6-A211-B8475C8C50AB} = {827E0CD3-B72D-47B6-A68D-7590B98EB39B}
		{B5EE6703-1B72-4C50-A087-67B9EC2C3B7A} = {827E0CD3-B72D-47B6-A68D-7590B98EB39B}
		{F540E266-AC13-4834-8D3B-D20A8412A601} = {827E0CD3-B72D-47B6-A68D-7590B98EB39B}
		{BB3A8F6B-765A-49AE-A169-E75E9A58C4B0} = {0AB3BF05-4346-4AA6-1389-037BE0695223}
		{EDFE6D18-76D2-465C-9D4F-202A12E98A6C} = {0AB3BF05-4346-4AA6-1389-037BE0695223}
		{5AB4DC72-96BF-41ED-86BE-A038FDCEB75C} = {0AB3BF05-4346-4AA6-1389-037BE0695223}
	EndGlobalSection
EndGlobal
