
Microsoft Visual Studio Solution File, Format Version 12.00
# Visual Studio Version 18
VisualStudioVersion = 18.0.11018.127 d18.0
MinimumVisualStudioVersion = 10.0.40219.1
Project("{2150E333-8FDC-42A3-9474-1A3956D46DE8}") = "src", "src", "{102E7E67-F883-48F7-A85E-77989B32A989}"
EndProject
Project("{FAE04EC0-301F-11D3-BF4B-00C04F79EFBC}") = "NS.Abp.Application", "src\NS.Abp.Application\NS.Abp.Application.csproj", "{FA482E09-2129-4BB2-A9E4-71DA065301F4}"
EndProject
Project("{FAE04EC0-301F-11D3-BF4B-00C04F79EFBC}") = "NS.Abp.Application.Contracts", "src\NS.Abp.Application.Contracts\NS.Abp.Application.Contracts.csproj", "{391EB7E6-968D-4721-8780-E40E2F436E27}"
EndProject
Project("{FAE04EC0-301F-11D3-BF4B-00C04F79EFBC}") = "NS.Abp.Domain", "src\NS.Abp.Domain\NS.Abp.Domain.csproj", "{C009E91B-9E65-433C-BBF0-EEBF6BBA1C8D}"
EndProject
Project("{FAE04EC0-301F-11D3-BF4B-00C04F79EFBC}") = "NS.Abp.Domain.Shared", "src\NS.Abp.Domain.Shared\NS.Abp.Domain.Shared.csproj", "{3ED2725D-A659-42A6-A976-74DD60402F85}"
EndProject
Project("{FAE04EC0-301F-11D3-BF4B-00C04F79EFBC}") = "NS.Abp.SqlSugar", "src\NS.Abp.SqlSugar\NS.Abp.SqlSugar.csproj", "{5FA15624-1027-41B0-A115-174773EAA673}"
EndProject
Project("{FAE04EC0-301F-11D3-BF4B-00C04F79EFBC}") = "NS.Abp.Web", "src\NS.Abp.Web\NS.Abp.Web.csproj", "{95F7B072-E5E8-4AD2-BE8E-FCD3F4FF94E7}"
EndProject
Project("{2150E333-8FDC-42A3-9474-1A3956D46DE8}") = "framework", "framework", "{C8142E24-0CFD-4FF9-A5D4-E24961F5078F}"
EndProject
Project("{2150E333-8FDC-42A3-9474-1A3956D46DE8}") = "modules", "modules", "{E1555A8F-35D2-4B73-9BD2-47216485ED0A}"
EndProject
Project("{FAE04EC0-301F-11D3-BF4B-00C04F79EFBC}") = "NS.Framework.SqlSugar", "framework\NS.Framework.SqlSugar\NS.Framework.SqlSugar.csproj", "{C30A6D1B-A5D6-4132-AE11-5E3DC92984E1}"
EndProject
Project("{FAE04EC0-301F-11D3-BF4B-00C04F79EFBC}") = "NS.Framework.SqlSugar.Abstractions", "framework\NS.Framework.SqlSugar.Abstractions\NS.Framework.SqlSugar.Abstractions.csproj", "{42FBA59B-F914-4057-AFE5-5A3C9C2A6BE0}"
EndProject
Project("{FAE04EC0-301F-11D3-BF4B-00C04F79EFBC}") = "NS.Framework.Core", "framework\NS.Framework.Core\NS.Framework.Core.csproj", "{8EE2607A-80DC-4855-AD4A-E6788ED54823}"
EndProject
Project("{FAE04EC0-301F-11D3-BF4B-00C04F79EFBC}") = "NS.Framework.AspNetCore", "framework\NS.Framework.AspNetCore\NS.Framework.AspNetCore.csproj", "{429074F6-6BB3-4047-A8F3-1CB71CC2E46C}"
EndProject
Project("{2150E333-8FDC-42A3-9474-1A3956D46DE8}") = "tenant-management", "tenant-management", "{FAE0D6A9-9189-4927-B473-8130209FEA56}"
EndProject
Project("{FAE04EC0-301F-11D3-BF4B-00C04F79EFBC}") = "NS.Module.TenantManagement.Application", "modules\tenantmanagement\NS.Module.TenantManagement.Application\NS.Module.TenantManagement.Application.csproj", "{F8766FBF-5EA6-4B00-B048-1431F23FEFC8}"
EndProject
Project("{FAE04EC0-301F-11D3-BF4B-00C04F79EFBC}") = "NS.Module.TenantManagement.Application.Contracts", "modules\tenantmanagement\NS.Module.TenantManagement.Application.Contracts\NS.Module.TenantManagement.Application.Contracts.csproj", "{ED270422-1BA9-47C8-A2FE-F4A1AE156949}"
EndProject
Project("{FAE04EC0-301F-11D3-BF4B-00C04F79EFBC}") = "NS.Module.TenantManagement.Domain", "modules\tenantmanagement\NS.Module.TenantManagement.Domain\NS.Module.TenantManagement.Domain.csproj", "{29C7EEF9-CDCD-48D1-8353-73014D7F2659}"
EndProject
Project("{FAE04EC0-301F-11D3-BF4B-00C04F79EFBC}") = "NS.Module.TenantManagement.SqlSugar", "modules\tenantmanagement\NS.Module.TenantManagement.SqlSugar\NS.Module.TenantManagement.SqlSugar.csproj", "{65062608-B3DA-4DC3-AE74-9EADB0A92EA7}"
EndProject
Project("{FAE04EC0-301F-11D3-BF4B-00C04F79EFBC}") = "NS.Framework.Mapster", "framework\NS.Framework.Mapster\NS.Framework.Mapster.csproj", "{C791CBD1-CDB8-41DE-8412-28698FDDDE00}"
EndProject
Project("{FAE04EC0-301F-11D3-BF4B-00C04F79EFBC}") = "NS.Framework.Notifycation", "framework\NS.Framework.Notifycation\NS.Framework.Notifycation.csproj", "{8DE024D5-0FE0-4E0B-AC0E-A1BFD7F3CCB2}"
EndProject
Project("{2150E333-8FDC-42A3-9474-1A3956D46DE8}") = "identity", "identity", "{4C0E6355-AB27-4F0F-9D0F-602D8307706E}"
EndProject
Project("{FAE04EC0-301F-11D3-BF4B-00C04F79EFBC}") = "NS.Framework.BackgroundJobs.Hangfire", "framework\NS.Framework.BackgroundJobs.Hangfire\NS.Framework.BackgroundJobs.Hangfire.csproj", "{3A4E5FF0-17D4-401C-A89B-B4EF6CB2A3E8}"
EndProject
Project("{FAE04EC0-301F-11D3-BF4B-00C04F79EFBC}") = "NS.Framework.Authentication", "framework\NS.Framework.Authentication\NS.Framework.Authentication.csproj", "{3F909A12-3073-401C-B731-9934ED85CF52}"
EndProject
Project("{FAE04EC0-301F-11D3-BF4B-00C04F79EFBC}") = "NS.Framework.Authorization", "framework\NS.Framework.Authorization\NS.Framework.Authorization.csproj", "{D1C044FB-4228-4DA8-A861-40254D08B515}"
EndProject
Project("{FAE04EC0-301F-11D3-BF4B-00C04F79EFBC}") = "NS.Module.Identity.Application", "modules\identity\NS.Module.Identity.Application\NS.Module.Identity.Application.csproj", "{A78F0233-10A7-4378-9B0B-02EA118AE82B}"
EndProject
Project("{FAE04EC0-301F-11D3-BF4B-00C04F79EFBC}") = "NS.Module.Identity.Application.Contracts", "modules\identity\NS.Module.Identity.Application.Contracts\NS.Module.Identity.Application.Contracts.csproj", "{B19C0C2F-4336-48CB-827C-4C7A6F986237}"
EndProject
Project("{FAE04EC0-301F-11D3-BF4B-00C04F79EFBC}") = "NS.Module.Identity.Domain", "modules\identity\NS.Module.Identity.Domain\NS.Module.Identity.Domain.csproj", "{C555FD51-3505-4CED-97C5-D825AC690259}"
EndProject
Project("{FAE04EC0-301F-11D3-BF4B-00C04F79EFBC}") = "NS.Module.Identity.Domain.Shared", "modules\identity\NS.Module.Identity.Domain.Shared\NS.Module.Identity.Domain.Shared.csproj", "{D3F36112-F5DF-445E-9F34-93AC297A11CB}"
EndProject
Project("{FAE04EC0-301F-11D3-BF4B-00C04F79EFBC}") = "NS.Module.Identity.SqlSugar", "modules\identity\NS.Module.Identity.SqlSugar\NS.Module.Identity.SqlSugar.csproj", "{E327F69F-1ECB-4FF6-B185-A0FD29680C5E}"
EndProject
Project("{2150E333-8FDC-42A3-9474-1A3956D46DE8}") = "knowledge", "knowledge", "{904D47F4-A100-4126-A081-16D1378BB4CF}"
EndProject
Project("{FAE04EC0-301F-11D3-BF4B-00C04F79EFBC}") = "NS.Module.Knowledge.Application", "modules\kb\NS.Module.Knowledge.Application\NS.Module.Knowledge.Application.csproj", "{C90B943F-2F69-41D8-8F87-FD3E879FFACE}"
EndProject
Project("{FAE04EC0-301F-11D3-BF4B-00C04F79EFBC}") = "NS.Module.Knowledge.Application.Contracts", "modules\kb\NS.Module.Knowledge.Application.Contracts\NS.Module.Knowledge.Application.Contracts.csproj", "{32BF0DF6-3EF9-4808-AF65-9F5D7B3A063A}"
EndProject
Project("{FAE04EC0-301F-11D3-BF4B-00C04F79EFBC}") = "NS.Module.Knowledge.Domain", "modules\kb\NS.Module.Knowledge.Domain\NS.Module.Knowledge.Domain.csproj", "{357066A0-FD3F-4558-B101-5CFF64758E02}"
EndProject
Project("{FAE04EC0-301F-11D3-BF4B-00C04F79EFBC}") = "NS.Module.Knowledge.Domain.Shared", "modules\kb\NS.Module.Knowledge.Domain.Shared\NS.Module.Knowledge.Domain.Shared.csproj", "{478E6BB2-8BBD-4442-910E-19C9EC0C6D55}"
EndProject
Project("{FAE04EC0-301F-11D3-BF4B-00C04F79EFBC}") = "NS.Module.Knowledge.SqlSugar", "modules\kb\NS.Module.Knowledge.SqlSugar\NS.Module.Knowledge.SqlSugar.csproj", "{92EE1399-5D1E-450A-B7C6-B730502A0080}"
EndProject
Project("{FAE04EC0-301F-11D3-BF4B-00C04F79EFBC}") = "NS.Module.TenantManagement.Domain.Shared", "modules\tenantmanagement\NS.Module.TenantManagement.Domain.Shared\NS.Module.TenantManagement.Domain.Shared.csproj", "{697FBEB3-22B8-4C76-9B56-D2F854731090}"
EndProject
Project("{2150E333-8FDC-42A3-9474-1A3956D46DE8}") = "audit-logging", "audit-logging", "{359C0514-82C8-4743-A516-BB502EF19F2D}"
EndProject
Project("{FAE04EC0-301F-11D3-BF4B-00C04F79EFBC}") = "NS.Module.AuditLogging.Domain", "modules\auditlogging\NS.Module.AuditLogging.Domain\NS.Module.AuditLogging.Domain.csproj", "{ADDB8AD7-BCD7-4C43-AE9E-D7CE3D16E875}"
EndProject
Project("{FAE04EC0-301F-11D3-BF4B-00C04F79EFBC}") = "NS.Module.AuditLogging.Domain.Shared", "modules\auditlogging\NS.Module.AuditLogging.Domain.Shared\NS.Module.AuditLogging.Domain.Shared.csproj", "{BF7973C9-295F-4798-A46F-EA8A70B9BBE2}"
EndProject
Project("{FAE04EC0-301F-11D3-BF4B-00C04F79EFBC}") = "NS.Module.AuditLogging.SqlSugar", "modules\auditlogging\NS.Module.AuditLogging.SqlSugar\NS.Module.AuditLogging.SqlSugar.csproj", "{0A1C884A-F9A9-48CE-A8CD-8B4F605572F3}"
EndProject
Project("{FAE04EC0-301F-11D3-BF4B-00C04F79EFBC}") = "NS.Module.AuditLogging.Application", "modules\auditlogging\NS.Module.AuditLogging.Application\NS.Module.AuditLogging.Application.csproj", "{A1B2C3D4-E5F6-7890-ABCD-EF1234567890}"
EndProject
Project("{FAE04EC0-301F-11D3-BF4B-00C04F79EFBC}") = "NS.Module.AuditLogging.Application.Contracts", "modules\auditlogging\NS.Module.AuditLogging.Application.Contracts\NS.Module.AuditLogging.Application.Contracts.csproj", "{B2C3D4E5-F6A7-8901-BCDE-F12345678901}"
EndProject
Global
	GlobalSection(SolutionConfigurationPlatforms) = preSolution
		Debug|Any CPU = Debug|Any CPU
		Release|Any CPU = Release|Any CPU
	EndGlobalSection
	GlobalSection(ProjectConfigurationPlatforms) = postSolution
		{FA482E09-2129-4BB2-A9E4-71DA065301F4}.Debug|Any CPU.ActiveCfg = Debug|Any CPU
		{FA482E09-2129-4BB2-A9E4-71DA065301F4}.Debug|Any CPU.Build.0 = Debug|Any CPU
		{FA482E09-2129-4BB2-A9E4-71DA065301F4}.Release|Any CPU.ActiveCfg = Release|Any CPU
		{FA482E09-2129-4BB2-A9E4-71DA065301F4}.Release|Any CPU.Build.0 = Release|Any CPU
		{391EB7E6-968D-4721-8780-E40E2F436E27}.Debug|Any CPU.ActiveCfg = Debug|Any CPU
		{391EB7E6-968D-4721-8780-E40E2F436E27}.Debug|Any CPU.Build.0 = Debug|Any CPU
		{391EB7E6-968D-4721-8780-E40E2F436E27}.Release|Any CPU.ActiveCfg = Release|Any CPU
		{391EB7E6-968D-4721-8780-E40E2F436E27}.Release|Any CPU.Build.0 = Release|Any CPU
		{C009E91B-9E65-433C-BBF0-EEBF6BBA1C8D}.Debug|Any CPU.ActiveCfg = Debug|Any CPU
		{C009E91B-9E65-433C-BBF0-EEBF6BBA1C8D}.Debug|Any CPU.Build.0 = Debug|Any CPU
		{C009E91B-9E65-433C-BBF0-EEBF6BBA1C8D}.Release|Any CPU.ActiveCfg = Release|Any CPU
		{C009E91B-9E65-433C-BBF0-EEBF6BBA1C8D}.Release|Any CPU.Build.0 = Release|Any CPU
		{3ED2725D-A659-42A6-A976-74DD60402F85}.Debug|Any CPU.ActiveCfg = Debug|Any CPU
		{3ED2725D-A659-42A6-A976-74DD60402F85}.Debug|Any CPU.Build.0 = Debug|Any CPU
		{3ED2725D-A659-42A6-A976-74DD60402F85}.Release|Any CPU.ActiveCfg = Release|Any CPU
		{3ED2725D-A659-42A6-A976-74DD60402F85}.Release|Any CPU.Build.0 = Release|Any CPU
		{5FA15624-1027-41B0-A115-174773EAA673}.Debug|Any CPU.ActiveCfg = Debug|Any CPU
		{5FA15624-1027-41B0-A115-174773EAA673}.Debug|Any CPU.Build.0 = Debug|Any CPU
		{5FA15624-1027-41B0-A115-174773EAA673}.Release|Any CPU.ActiveCfg = Release|Any CPU
		{5FA15624-1027-41B0-A115-174773EAA673}.Release|Any CPU.Build.0 = Release|Any CPU
		{95F7B072-E5E8-4AD2-BE8E-FCD3F4FF94E7}.Debug|Any CPU.ActiveCfg = Debug|Any CPU
		{95F7B072-E5E8-4AD2-BE8E-FCD3F4FF94E7}.Debug|Any CPU.Build.0 = Debug|Any CPU
		{95F7B072-E5E8-4AD2-BE8E-FCD3F4FF94E7}.Release|Any CPU.ActiveCfg = Release|Any CPU
		{95F7B072-E5E8-4AD2-BE8E-FCD3F4FF94E7}.Release|Any CPU.Build.0 = Release|Any CPU
		{C30A6D1B-A5D6-4132-AE11-5E3DC92984E1}.Debug|Any CPU.ActiveCfg = Debug|Any CPU
		{C30A6D1B-A5D6-4132-AE11-5E3DC92984E1}.Debug|Any CPU.Build.0 = Debug|Any CPU
		{C30A6D1B-A5D6-4132-AE11-5E3DC92984E1}.Release|Any CPU.ActiveCfg = Release|Any CPU
		{C30A6D1B-A5D6-4132-AE11-5E3DC92984E1}.Release|Any CPU.Build.0 = Release|Any CPU
		{42FBA59B-F914-4057-AFE5-5A3C9C2A6BE0}.Debug|Any CPU.ActiveCfg = Debug|Any CPU
		{42FBA59B-F914-4057-AFE5-5A3C9C2A6BE0}.Debug|Any CPU.Build.0 = Debug|Any CPU
		{42FBA59B-F914-4057-AFE5-5A3C9C2A6BE0}.Release|Any CPU.ActiveCfg = Release|Any CPU
		{42FBA59B-F914-4057-AFE5-5A3C9C2A6BE0}.Release|Any CPU.Build.0 = Release|Any CPU
		{8EE2607A-80DC-4855-AD4A-E6788ED54823}.Debug|Any CPU.ActiveCfg = Debug|Any CPU
		{8EE2607A-80DC-4855-AD4A-E6788ED54823}.Debug|Any CPU.Build.0 = Debug|Any CPU
		{8EE2607A-80DC-4855-AD4A-E6788ED54823}.Release|Any CPU.ActiveCfg = Release|Any CPU
		{8EE2607A-80DC-4855-AD4A-E6788ED54823}.Release|Any CPU.Build.0 = Release|Any CPU
		{429074F6-6BB3-4047-A8F3-1CB71CC2E46C}.Debug|Any CPU.ActiveCfg = Debug|Any CPU
		{429074F6-6BB3-4047-A8F3-1CB71CC2E46C}.Debug|Any CPU.Build.0 = Debug|Any CPU
		{429074F6-6BB3-4047-A8F3-1CB71CC2E46C}.Release|Any CPU.ActiveCfg = Release|Any CPU
		{429074F6-6BB3-4047-A8F3-1CB71CC2E46C}.Release|Any CPU.Build.0 = Release|Any CPU
		{F8766FBF-5EA6-4B00-B048-1431F23FEFC8}.Debug|Any CPU.ActiveCfg = Debug|Any CPU
		{F8766FBF-5EA6-4B00-B048-1431F23FEFC8}.Debug|Any CPU.Build.0 = Debug|Any CPU
		{F8766FBF-5EA6-4B00-B048-1431F23FEFC8}.Release|Any CPU.ActiveCfg = Release|Any CPU
		{F8766FBF-5EA6-4B00-B048-1431F23FEFC8}.Release|Any CPU.Build.0 = Release|Any CPU
		{ED270422-1BA9-47C8-A2FE-F4A1AE156949}.Debug|Any CPU.ActiveCfg = Debug|Any CPU
		{ED270422-1BA9-47C8-A2FE-F4A1AE156949}.Debug|Any CPU.Build.0 = Debug|Any CPU
		{ED270422-1BA9-47C8-A2FE-F4A1AE156949}.Release|Any CPU.ActiveCfg = Release|Any CPU
		{ED270422-1BA9-47C8-A2FE-F4A1AE156949}.Release|Any CPU.Build.0 = Release|Any CPU
		{29C7EEF9-CDCD-48D1-8353-73014D7F2659}.Debug|Any CPU.ActiveCfg = Debug|Any CPU
		{29C7EEF9-CDCD-48D1-8353-73014D7F2659}.Debug|Any CPU.Build.0 = Debug|Any CPU
		{29C7EEF9-CDCD-48D1-8353-73014D7F2659}.Release|Any CPU.ActiveCfg = Release|Any CPU
		{29C7EEF9-CDCD-48D1-8353-73014D7F2659}.Release|Any CPU.Build.0 = Release|Any CPU
		{65062608-B3DA-4DC3-AE74-9EADB0A92EA7}.Debug|Any CPU.ActiveCfg = Debug|Any CPU
		{65062608-B3DA-4DC3-AE74-9EADB0A92EA7}.Debug|Any CPU.Build.0 = Debug|Any CPU
		{65062608-B3DA-4DC3-AE74-9EADB0A92EA7}.Release|Any CPU.ActiveCfg = Release|Any CPU
		{65062608-B3DA-4DC3-AE74-9EADB0A92EA7}.Release|Any CPU.Build.0 = Release|Any CPU
		{C791CBD1-CDB8-41DE-8412-28698FDDDE00}.Debug|Any CPU.ActiveCfg = Debug|Any CPU
		{C791CBD1-CDB8-41DE-8412-28698FDDDE00}.Debug|Any CPU.Build.0 = Debug|Any CPU
		{C791CBD1-CDB8-41DE-8412-28698FDDDE00}.Release|Any CPU.ActiveCfg = Release|Any CPU
		{C791CBD1-CDB8-41DE-8412-28698FDDDE00}.Release|Any CPU.Build.0 = Release|Any CPU
		{8DE024D5-0FE0-4E0B-AC0E-A1BFD7F3CCB2}.Debug|Any CPU.ActiveCfg = Debug|Any CPU
		{8DE024D5-0FE0-4E0B-AC0E-A1BFD7F3CCB2}.Debug|Any CPU.Build.0 = Debug|Any CPU
		{8DE024D5-0FE0-4E0B-AC0E-A1BFD7F3CCB2}.Release|Any CPU.ActiveCfg = Release|Any CPU
		{8DE024D5-0FE0-4E0B-AC0E-A1BFD7F3CCB2}.Release|Any CPU.Build.0 = Release|Any CPU
		{3A4E5FF0-17D4-401C-A89B-B4EF6CB2A3E8}.Debug|Any CPU.ActiveCfg = Debug|Any CPU
		{3A4E5FF0-17D4-401C-A89B-B4EF6CB2A3E8}.Debug|Any CPU.Build.0 = Debug|Any CPU
		{3A4E5FF0-17D4-401C-A89B-B4EF6CB2A3E8}.Release|Any CPU.ActiveCfg = Release|Any CPU
		{3A4E5FF0-17D4-401C-A89B-B4EF6CB2A3E8}.Release|Any CPU.Build.0 = Release|Any CPU
		{3F909A12-3073-401C-B731-9934ED85CF52}.Debug|Any CPU.ActiveCfg = Debug|Any CPU
		{3F909A12-3073-401C-B731-9934ED85CF52}.Debug|Any CPU.Build.0 = Debug|Any CPU
		{3F909A12-3073-401C-B731-9934ED85CF52}.Release|Any CPU.ActiveCfg = Release|Any CPU
		{3F909A12-3073-401C-B731-9934ED85CF52}.Release|Any CPU.Build.0 = Release|Any CPU
		{D1C044FB-4228-4DA8-A861-40254D08B515}.Debug|Any CPU.ActiveCfg = Debug|Any CPU
		{D1C044FB-4228-4DA8-A861-40254D08B515}.Debug|Any CPU.Build.0 = Debug|Any CPU
		{D1C044FB-4228-4DA8-A861-40254D08B515}.Release|Any CPU.ActiveCfg = Release|Any CPU
		{D1C044FB-4228-4DA8-A861-40254D08B515}.Release|Any CPU.Build.0 = Release|Any CPU
		{A78F0233-10A7-4378-9B0B-02EA118AE82B}.Debug|Any CPU.ActiveCfg = Debug|Any CPU
		{A78F0233-10A7-4378-9B0B-02EA118AE82B}.Debug|Any CPU.Build.0 = Debug|Any CPU
		{A78F0233-10A7-4378-9B0B-02EA118AE82B}.Release|Any CPU.ActiveCfg = Release|Any CPU
		{A78F0233-10A7-4378-9B0B-02EA118AE82B}.Release|Any CPU.Build.0 = Release|Any CPU
		{B19C0C2F-4336-48CB-827C-4C7A6F986237}.Debug|Any CPU.ActiveCfg = Debug|Any CPU
		{B19C0C2F-4336-48CB-827C-4C7A6F986237}.Debug|Any CPU.Build.0 = Debug|Any CPU
		{B19C0C2F-4336-48CB-827C-4C7A6F986237}.Release|Any CPU.ActiveCfg = Release|Any CPU
		{B19C0C2F-4336-48CB-827C-4C7A6F986237}.Release|Any CPU.Build.0 = Release|Any CPU
		{C555FD51-3505-4CED-97C5-D825AC690259}.Debug|Any CPU.ActiveCfg = Debug|Any CPU
		{C555FD51-3505-4CED-97C5-D825AC690259}.Debug|Any CPU.Build.0 = Debug|Any CPU
		{C555FD51-3505-4CED-97C5-D825AC690259}.Release|Any CPU.ActiveCfg = Release|Any CPU
		{C555FD51-3505-4CED-97C5-D825AC690259}.Release|Any CPU.Build.0 = Release|Any CPU
		{D3F36112-F5DF-445E-9F34-93AC297A11CB}.Debug|Any CPU.ActiveCfg = Debug|Any CPU
		{D3F36112-F5DF-445E-9F34-93AC297A11CB}.Debug|Any CPU.Build.0 = Debug|Any CPU
		{D3F36112-F5DF-445E-9F34-93AC297A11CB}.Release|Any CPU.ActiveCfg = Release|Any CPU
		{D3F36112-F5DF-445E-9F34-93AC297A11CB}.Release|Any CPU.Build.0 = Release|Any CPU
		{E327F69F-1ECB-4FF6-B185-A0FD29680C5E}.Debug|Any CPU.ActiveCfg = Debug|Any CPU
		{E327F69F-1ECB-4FF6-B185-A0FD29680C5E}.Debug|Any CPU.Build.0 = Debug|Any CPU
		{E327F69F-1ECB-4FF6-B185-A0FD29680C5E}.Release|Any CPU.ActiveCfg = Release|Any CPU
		{E327F69F-1ECB-4FF6-B185-A0FD29680C5E}.Release|Any CPU.Build.0 = Release|Any CPU
		{C90B943F-2F69-41D8-8F87-FD3E879FFACE}.Debug|Any CPU.ActiveCfg = Debug|Any CPU
		{C90B943F-2F69-41D8-8F87-FD3E879FFACE}.Debug|Any CPU.Build.0 = Debug|Any CPU
		{C90B943F-2F69-41D8-8F87-FD3E879FFACE}.Release|Any CPU.ActiveCfg = Release|Any CPU
		{C90B943F-2F69-41D8-8F87-FD3E879FFACE}.Release|Any CPU.Build.0 = Release|Any CPU
		{32BF0DF6-3EF9-4808-AF65-9F5D7B3A063A}.Debug|Any CPU.ActiveCfg = Debug|Any CPU
		{32BF0DF6-3EF9-4808-AF65-9F5D7B3A063A}.Debug|Any CPU.Build.0 = Debug|Any CPU
		{32BF0DF6-3EF9-4808-AF65-9F5D7B3A063A}.Release|Any CPU.ActiveCfg = Release|Any CPU
		{32BF0DF6-3EF9-4808-AF65-9F5D7B3A063A}.Release|Any CPU.Build.0 = Release|Any CPU
		{357066A0-FD3F-4558-B101-5CFF64758E02}.Debug|Any CPU.ActiveCfg = Debug|Any CPU
		{357066A0-FD3F-4558-B101-5CFF64758E02}.Debug|Any CPU.Build.0 = Debug|Any CPU
		{357066A0-FD3F-4558-B101-5CFF64758E02}.Release|Any CPU.ActiveCfg = Release|Any CPU
		{357066A0-FD3F-4558-B101-5CFF64758E02}.Release|Any CPU.Build.0 = Release|Any CPU
		{478E6BB2-8BBD-4442-910E-19C9EC0C6D55}.Debug|Any CPU.ActiveCfg = Debug|Any CPU
		{478E6BB2-8BBD-4442-910E-19C9EC0C6D55}.Debug|Any CPU.Build.0 = Debug|Any CPU
		{478E6BB2-8BBD-4442-910E-19C9EC0C6D55}.Release|Any CPU.ActiveCfg = Release|Any CPU
		{478E6BB2-8BBD-4442-910E-19C9EC0C6D55}.Release|Any CPU.Build.0 = Release|Any CPU
		{92EE1399-5D1E-450A-B7C6-B730502A0080}.Debug|Any CPU.ActiveCfg = Debug|Any CPU
		{92EE1399-5D1E-450A-B7C6-B730502A0080}.Debug|Any CPU.Build.0 = Debug|Any CPU
		{92EE1399-5D1E-450A-B7C6-B730502A0080}.Release|Any CPU.ActiveCfg = Release|Any CPU
		{92EE1399-5D1E-450A-B7C6-B730502A0080}.Release|Any CPU.Build.0 = Release|Any CPU
		{697FBEB3-22B8-4C76-9B56-D2F854731090}.Debug|Any CPU.ActiveCfg = Debug|Any CPU
		{697FBEB3-22B8-4C76-9B56-D2F854731090}.Debug|Any CPU.Build.0 = Debug|Any CPU
		{697FBEB3-22B8-4C76-9B56-D2F854731090}.Release|Any CPU.ActiveCfg = Release|Any CPU
		{697FBEB3-22B8-4C76-9B56-D2F854731090}.Release|Any CPU.Build.0 = Release|Any CPU
		{ADDB8AD7-BCD7-4C43-AE9E-D7CE3D16E875}.Debug|Any CPU.ActiveCfg = Debug|Any CPU
		{ADDB8AD7-BCD7-4C43-AE9E-D7CE3D16E875}.Debug|Any CPU.Build.0 = Debug|Any CPU
		{ADDB8AD7-BCD7-4C43-AE9E-D7CE3D16E875}.Release|Any CPU.ActiveCfg = Release|Any CPU
		{ADDB8AD7-BCD7-4C43-AE9E-D7CE3D16E875}.Release|Any CPU.Build.0 = Release|Any CPU
		{BF7973C9-295F-4798-A46F-EA8A70B9BBE2}.Debug|Any CPU.ActiveCfg = Debug|Any CPU
		{BF7973C9-295F-4798-A46F-EA8A70B9BBE2}.Debug|Any CPU.Build.0 = Debug|Any CPU
		{BF7973C9-295F-4798-A46F-EA8A70B9BBE2}.Release|Any CPU.ActiveCfg = Release|Any CPU
		{BF7973C9-295F-4798-A46F-EA8A70B9BBE2}.Release|Any CPU.Build.0 = Release|Any CPU
		{0A1C884A-F9A9-48CE-A8CD-8B4F605572F3}.Debug|Any CPU.ActiveCfg = Debug|Any CPU
		{0A1C884A-F9A9-48CE-A8CD-8B4F605572F3}.Debug|Any CPU.Build.0 = Debug|Any CPU
		{0A1C884A-F9A9-48CE-A8CD-8B4F605572F3}.Release|Any CPU.ActiveCfg = Release|Any CPU
		{0A1C884A-F9A9-48CE-A8CD-8B4F605572F3}.Release|Any CPU.Build.0 = Release|Any CPU
		{A1B2C3D4-E5F6-7890-ABCD-EF1234567890}.Debug|Any CPU.ActiveCfg = Debug|Any CPU
		{A1B2C3D4-E5F6-7890-ABCD-EF1234567890}.Debug|Any CPU.Build.0 = Debug|Any CPU
		{A1B2C3D4-E5F6-7890-ABCD-EF1234567890}.Release|Any CPU.ActiveCfg = Release|Any CPU
		{A1B2C3D4-E5F6-7890-ABCD-EF1234567890}.Release|Any CPU.Build.0 = Release|Any CPU
		{B2C3D4E5-F6A7-8901-BCDE-F12345678901}.Debug|Any CPU.ActiveCfg = Debug|Any CPU
		{B2C3D4E5-F6A7-8901-BCDE-F12345678901}.Debug|Any CPU.Build.0 = Debug|Any CPU
		{B2C3D4E5-F6A7-8901-BCDE-F12345678901}.Release|Any CPU.ActiveCfg = Release|Any CPU
		{B2C3D4E5-F6A7-8901-BCDE-F12345678901}.Release|Any CPU.Build.0 = Release|Any CPU
	EndGlobalSection
	GlobalSection(SolutionProperties) = preSolution
		HideSolutionNode = FALSE
	EndGlobalSection
	GlobalSection(NestedProjects) = preSolution
		{FA482E09-2129-4BB2-A9E4-71DA065301F4} = {102E7E67-F883-48F7-A85E-77989B32A989}
		{391EB7E6-968D-4721-8780-E40E2F436E27} = {102E7E67-F883-48F7-A85E-77989B32A989}
		{C009E91B-9E65-433C-BBF0-EEBF6BBA1C8D} = {102E7E67-F883-48F7-A85E-77989B32A989}
		{3ED2725D-A659-42A6-A976-74DD60402F85} = {102E7E67-F883-48F7-A85E-77989B32A989}
		{5FA15624-1027-41B0-A115-174773EAA673} = {102E7E67-F883-48F7-A85E-77989B32A989}
		{95F7B072-E5E8-4AD2-BE8E-FCD3F4FF94E7} = {102E7E67-F883-48F7-A85E-77989B32A989}
		{C30A6D1B-A5D6-4132-AE11-5E3DC92984E1} = {C8142E24-0CFD-4FF9-A5D4-E24961F5078F}
		{42FBA59B-F914-4057-AFE5-5A3C9C2A6BE0} = {C8142E24-0CFD-4FF9-A5D4-E24961F5078F}
		{8EE2607A-80DC-4855-AD4A-E6788ED54823} = {C8142E24-0CFD-4FF9-A5D4-E24961F5078F}
		{429074F6-6BB3-4047-A8F3-1CB71CC2E46C} = {C8142E24-0CFD-4FF9-A5D4-E24961F5078F}
		{FAE0D6A9-9189-4927-B473-8130209FEA56} = {E1555A8F-35D2-4B73-9BD2-47216485ED0A}
		{F8766FBF-5EA6-4B00-B048-1431F23FEFC8} = {FAE0D6A9-9189-4927-B473-8130209FEA56}
		{ED270422-1BA9-47C8-A2FE-F4A1AE156949} = {FAE0D6A9-9189-4927-B473-8130209FEA56}
		{29C7EEF9-CDCD-48D1-8353-73014D7F2659} = {FAE0D6A9-9189-4927-B473-8130209FEA56}
		{65062608-B3DA-4DC3-AE74-9EADB0A92EA7} = {FAE0D6A9-9189-4927-B473-8130209FEA56}
		{697FBEB3-22B8-4C76-9B56-D2F854731090} = {FAE0D6A9-9189-4927-B473-8130209FEA56}
		{C791CBD1-CDB8-41DE-8412-28698FDDDE00} = {C8142E24-0CFD-4FF9-A5D4-E24961F5078F}
		{8DE024D5-0FE0-4E0B-AC0E-A1BFD7F3CCB2} = {C8142E24-0CFD-4FF9-A5D4-E24961F5078F}
		{3A4E5FF0-17D4-401C-A89B-B4EF6CB2A3E8} = {C8142E24-0CFD-4FF9-A5D4-E24961F5078F}
		{3F909A12-3073-401C-B731-9934ED85CF52} = {C8142E24-0CFD-4FF9-A5D4-E24961F5078F}
		{D1C044FB-4228-4DA8-A861-40254D08B515} = {C8142E24-0CFD-4FF9-A5D4-E24961F5078F}
		{4C0E6355-AB27-4F0F-9D0F-602D8307706E} = {E1555A8F-35D2-4B73-9BD2-47216485ED0A}
		{A78F0233-10A7-4378-9B0B-02EA118AE82B} = {4C0E6355-AB27-4F0F-9D0F-602D8307706E}
		{B19C0C2F-4336-48CB-827C-4C7A6F986237} = {4C0E6355-AB27-4F0F-9D0F-602D8307706E}
		{C555FD51-3505-4CED-97C5-D825AC690259} = {4C0E6355-AB27-4F0F-9D0F-602D8307706E}
		{D3F36112-F5DF-445E-9F34-93AC297A11CB} = {4C0E6355-AB27-4F0F-9D0F-602D8307706E}
		{E327F69F-1ECB-4FF6-B185-A0FD29680C5E} = {4C0E6355-AB27-4F0F-9D0F-602D8307706E}
		{904D47F4-A100-4126-A081-16D1378BB4CF} = {E1555A8F-35D2-4B73-9BD2-47216485ED0A}
		{C90B943F-2F69-41D8-8F87-FD3E879FFACE} = {904D47F4-A100-4126-A081-16D1378BB4CF}
		{32BF0DF6-3EF9-4808-AF65-9F5D7B3A063A} = {904D47F4-A100-4126-A081-16D1378BB4CF}
		{357066A0-FD3F-4558-B101-5CFF64758E02} = {904D47F4-A100-4126-A081-16D1378BB4CF}
		{478E6BB2-8BBD-4442-910E-19C9EC0C6D55} = {904D47F4-A100-4126-A081-16D1378BB4CF}
		{92EE1399-5D1E-450A-B7C6-B730502A0080} = {904D47F4-A100-4126-A081-16D1378BB4CF}
		{697FBEB3-22B8-4C76-9B56-D2F854731090} = {FAE0D6A9-9189-4927-B473-8130209FEA56}
		{359C0514-82C8-4743-A516-BB502EF19F2D} = {E1555A8F-35D2-4B73-9BD2-47216485ED0A}
		{ADDB8AD7-BCD7-4C43-AE9E-D7CE3D16E875} = {359C0514-82C8-4743-A516-BB502EF19F2D}
		{BF7973C9-295F-4798-A46F-EA8A70B9BBE2} = {359C0514-82C8-4743-A516-BB502EF19F2D}
		{0A1C884A-F9A9-48CE-A8CD-8B4F605572F3} = {359C0514-82C8-4743-A516-BB502EF19F2D}
		{A1B2C3D4-E5F6-7890-ABCD-EF1234567890} = {359C0514-82C8-4743-A516-BB502EF19F2D}
		{B2C3D4E5-F6A7-8901-BCDE-F12345678901} = {359C0514-82C8-4743-A516-BB502EF19F2D}
	EndGlobalSection
	GlobalSection(ExtensibilityGlobals) = postSolution
		SolutionGuid = {FAB1C0A1-0A13-4844-873E-27CB77EBD3E4}
	EndGlobalSection
EndGlobal
